
Microsoft Visual Studio Solution File, Format Version 12.00
# Visual Studio Version 17
VisualStudioVersion = 17.4.33110.190
MinimumVisualStudioVersion = 10.0.40219.1
Project("{FAE04EC0-301F-11D3-BF4B-00C04F79EFBC}") = "Autobazar2", "Autobazar2\Autobazar2.csproj", "{48453336-3341-477F-92CF-C09D8E33DAE1}"
EndProject
Global
	GlobalSection(SolutionConfigurationPlatforms) = preSolution
		Debug|Any CPU = Debug|Any CPU
		Release|Any CPU = Release|Any CPU
	EndGlobalSection
	GlobalSection(ProjectConfigurationPlatforms) = postSolution
		{48453336-3341-477F-92CF-C09D8E33DAE1}.Debug|Any CPU.ActiveCfg = Debug|Any CPU
		{48453336-3341-477F-92CF-C09D8E33DAE1}.Debug|Any CPU.Build.0 = Debug|Any CPU
		{48453336-3341-477F-92CF-C09D8E33DAE1}.Release|Any CPU.ActiveCfg = Release|Any CPU
		{48453336-3341-477F-92CF-C09D8E33DAE1}.Release|Any CPU.Build.0 = Release|Any CPU
	EndGlobalSection
	GlobalSection(SolutionProperties) = preSolution
		HideSolutionNode = FALSE
	EndGlobalSection
	GlobalSection(ExtensibilityGlobals) = postSolution
		SolutionGuid = {91619034-74EB-4DF1-AE92-C077DDF2CC1D}
	EndGlobalSection
EndGlobal
